# ttr.lock — generated by `ttr fetch`; do not hand-edit. Canon pins only.
lockVersion = 1

[world]
qname   = "acme.worlds.prod"
archive = "sha256:9f2c000000000000000000000000000000000000000000000000000000000000"
platformWorld = { qname = "tatrman.platform.world", pin = "sha256:41aa000000000000000000000000000000000000000000000000000000000000" }

[models]
"shop.sales" = "sha256:77b1000000000000000000000000000000000000000000000000000000000000"

[manifests]
"tatrman-executor" = "sha256:c0de000000000000000000000000000000000000000000000000000000000000"

[plugins]
"org.tatrman:ttr-emit-bash"   = { version = "1.0.0", sha256 = "sha256:ab12000000000000000000000000000000000000000000000000000000000000" }
"org.tatrman:ttr-emit-kestra" = { version = "0.3.0", sha256 = "sha256:cd34000000000000000000000000000000000000000000000000000000000000" }
